
Microsoft Visual Studio Solution File, Format Version 12.00
# Visual Studio Version 17
VisualStudioVersion = 17.9.34622.214
MinimumVisualStudioVersion = 10.0.40219.1
Project("{FAE04EC0-301F-11D3-BF4B-00C04F79EFBC}") = "codoing tracker", "codoing tracker\codoing tracker.csproj", "{10FAD2E6-38F6-4CB8-B4A7-79CED06A86AF}"
EndProject
Global
	GlobalSection(SolutionConfigurationPlatforms) = preSolution
		Debug|Any CPU = Debug|Any CPU
		Release|Any CPU = Release|Any CPU
	EndGlobalSection
	GlobalSection(ProjectConfigurationPlatforms) = postSolution
		{10FAD2E6-38F6-4CB8-B4A7-79CED06A86AF}.Debug|Any CPU.ActiveCfg = Debug|Any CPU
		{10FAD2E6-38F6-4CB8-B4A7-79CED06A86AF}.Debug|Any CPU.Build.0 = Debug|Any CPU
		{10FAD2E6-38F6-4CB8-B4A7-79CED06A86AF}.Release|Any CPU.ActiveCfg = Release|Any CPU
		{10FAD2E6-38F6-4CB8-B4A7-79CED06A86AF}.Release|Any CPU.Build.0 = Release|Any CPU
	EndGlobalSection
	GlobalSection(SolutionProperties) = preSolution
		HideSolutionNode = FALSE
	EndGlobalSection
	GlobalSection(ExtensibilityGlobals) = postSolution
		SolutionGuid = {FD6E4121-5624-4396-B10F-A461F41554D2}
	EndGlobalSection
EndGlobal
